
Microsoft Visual Studio Solution File, Format Version 12.00
# Visual Studio Version 16
VisualStudioVersion = 16.0.30114.105
MinimumVisualStudioVersion = 10.0.40219.1
Project("{2150E333-8FDC-42A3-9474-1A3956D46DE8}") = "Shared", "Shared", "{A1B3E671-BFB5-4E3C-852A-42245D15AAA4}"
EndProject
Project("{2150E333-8FDC-42A3-9474-1A3956D46DE8}") = "Bootstrapper", "Bootstrapper", "{98E517D0-B1FF-473F-ABC2-9ABD6AA1DB50}"
EndProject
Project("{2150E333-8FDC-42A3-9474-1A3956D46DE8}") = "Modules", "Modules", "{1E27CE56-47D9-4B0C-83B3-71A80DD151A2}"
EndProject
Project("{2150E333-8FDC-42A3-9474-1A3956D46DE8}") = "Users", "Users", "{79D40D8F-0176-4EE8-B958-8F65A351B494}"
EndProject
Project("{FAE04EC0-301F-11D3-BF4B-00C04F79EFBC}") = "MySpot.Shared.Abstractions", "src\Shared\MySpot.Shared.Abstractions\MySpot.Shared.Abstractions.csproj", "{E6F7C5A1-DA33-4CA4-A8FA-2D75C05B0C1F}"
EndProject
Project("{FAE04EC0-301F-11D3-BF4B-00C04F79EFBC}") = "MySpot.Shared.Infrastructure", "src\Shared\MySpot.Shared.Infrastructure\MySpot.Shared.Infrastructure.csproj", "{9351596D-B14A-46F3-8711-192E3B592CA8}"
EndProject
Project("{FAE04EC0-301F-11D3-BF4B-00C04F79EFBC}") = "MySpot.Modules.Users.Core", "src\Modules\Users\MySpot.Modules.Users.Core\MySpot.Modules.Users.Core.csproj", "{7A8AC51F-B000-4F46-9EE9-6EDBD6EBDCCA}"
EndProject
Project("{FAE04EC0-301F-11D3-BF4B-00C04F79EFBC}") = "MySpot.Modules.Users.Api", "src\Modules\Users\MySpot.Modules.Users.Api\MySpot.Modules.Users.Api.csproj", "{25E84BEB-67FF-4972-AF12-87576EACBB14}"
EndProject
Project("{FAE04EC0-301F-11D3-BF4B-00C04F79EFBC}") = "MySpot.Bootstrapper", "src\Bootstrapper\MySpot.Bootstrapper\MySpot.Bootstrapper.csproj", "{034F2CA2-59BD-40B4-A19B-D9FA55E38E4D}"
EndProject
Project("{2150E333-8FDC-42A3-9474-1A3956D46DE8}") = "ParkingSpots", "ParkingSpots", "{488544D8-C714-4551-B8EE-16B1581EEDA7}"
EndProject
Project("{2150E333-8FDC-42A3-9474-1A3956D46DE8}") = "Availability", "Availability", "{74A89AFC-8BAC-4644-ABB2-7552818C2F8F}"
EndProject
Project("{FAE04EC0-301F-11D3-BF4B-00C04F79EFBC}") = "MySpot.Modules.Availability.Api", "src\Modules\Availability\MySpot.Modules.Availability.Api\MySpot.Modules.Availability.Api.csproj", "{18F8FB6F-F593-4AF6-B558-8357CAB63B7F}"
EndProject
Project("{FAE04EC0-301F-11D3-BF4B-00C04F79EFBC}") = "MySpot.Modules.Availability.Core", "src\Modules\Availability\MySpot.Modules.Availability.Core\MySpot.Modules.Availability.Core.csproj", "{6F33F0C2-0E92-4A36-95E0-A2363FACB8D2}"
EndProject
Project("{FAE04EC0-301F-11D3-BF4B-00C04F79EFBC}") = "MySpot.Modules.Availability.Application", "src\Modules\Availability\MySpot.Modules.Availability.Application\MySpot.Modules.Availability.Application.csproj", "{1147E58B-DE2F-4F6B-958C-B51E8EE2E53D}"
EndProject
Project("{FAE04EC0-301F-11D3-BF4B-00C04F79EFBC}") = "MySpot.Modules.Availability.Infrastructure", "src\Modules\Availability\MySpot.Modules.Availability.Infrastructure\MySpot.Modules.Availability.Infrastructure.csproj", "{D126AF5A-7C00-4006-8CF4-829ABF9900DB}"
EndProject
Project("{FAE04EC0-301F-11D3-BF4B-00C04F79EFBC}") = "MySpot.Modules.ParkingSpots.Api", "src\Modules\ParkingSpots\MySpot.Modules.ParkingSpots.Api\MySpot.Modules.ParkingSpots.Api.csproj", "{2642A32D-9FCF-4FB6-A1BC-7FDCD9FBE2B5}"
EndProject
Project("{FAE04EC0-301F-11D3-BF4B-00C04F79EFBC}") = "MySpot.Modules.ParkingSpots.Core", "src\Modules\ParkingSpots\MySpot.Modules.ParkingSpots.Core\MySpot.Modules.ParkingSpots.Core.csproj", "{E48681C0-F157-4EB4-9FA4-A135C9F50E8A}"
EndProject
Project("{2150E333-8FDC-42A3-9474-1A3956D46DE8}") = "Mappings", "Mappings", "{8075AA09-F96B-4D47-829B-79AFA8C286B1}"
EndProject
Project("{FAE04EC0-301F-11D3-BF4B-00C04F79EFBC}") = "MySpot.Modules.Mapping.Api", "src\Modules\Mapping\MySpot.Modules.Mapping.Api\MySpot.Modules.Mapping.Api.csproj", "{933E72CA-33F7-4A2F-8E04-D16E0F6918A9}"
EndProject
Project("{2150E333-8FDC-42A3-9474-1A3956D46DE8}") = "Reservations", "Reservations", "{F76A800C-03FB-4CD6-940C-F53C98AC6F7B}"
EndProject
Project("{FAE04EC0-301F-11D3-BF4B-00C04F79EFBC}") = "MySpot.Modules.Reservations.Core", "src\Modules\Reservations\MySpot.Modules.Reservations.Core\MySpot.Modules.Reservations.Core.csproj", "{5DE06811-A795-4E36-95EB-CCFA60A90DBA}"
EndProject
Project("{FAE04EC0-301F-11D3-BF4B-00C04F79EFBC}") = "MySpot.Modules.Reservations.Application", "src\Modules\Reservations\MySpot.Modules.Reservations.Application\MySpot.Modules.Reservations.Application.csproj", "{3CF649E1-1FA5-4DC7-BBDA-6A71DEA0669E}"
EndProject
Project("{FAE04EC0-301F-11D3-BF4B-00C04F79EFBC}") = "MySpot.Modules.Reservations.Infrastructure", "src\Modules\Reservations\MySpot.Modules.Reservations.Infrastructure\MySpot.Modules.Reservations.Infrastructure.csproj", "{F7A41687-0A6D-4D34-8A1E-27F812664E37}"
EndProject
Project("{FAE04EC0-301F-11D3-BF4B-00C04F79EFBC}") = "MySpot.Modules.Reservations.Api", "src\Modules\Reservations\MySpot.Modules.Reservations.Api\MySpot.Modules.Reservations.Api.csproj", "{1A774DE2-E880-4ECC-9D33-DBB632E353D2}"
EndProject
Project("{2150E333-8FDC-42A3-9474-1A3956D46DE8}") = "Saga", "Saga", "{F8887FB8-BD48-4436-A15C-5BFA048C1531}"
EndProject
Project("{FAE04EC0-301F-11D3-BF4B-00C04F79EFBC}") = "MySpot.Modules.Saga.Api", "src\Modules\Saga\MySpot.Modules.Saga.Api\MySpot.Modules.Saga.Api.csproj", "{878D1699-8E5B-48B0-8F98-D1C627D37785}"
EndProject
Project("{2150E333-8FDC-42A3-9474-1A3956D46DE8}") = "External", "External", "{768FCA60-8A5B-4ACF-B0DF-56060E7EA84F}"
EndProject
Project("{2150E333-8FDC-42A3-9474-1A3956D46DE8}") = "Mailing", "Mailing", "{1910378F-A6BF-4526-AB97-76BC33140CB2}"
EndProject
Project("{FAE04EC0-301F-11D3-BF4B-00C04F79EFBC}") = "External.Mailing.Api", "src\External\Mailing\External.Mailing.Api\External.Mailing.Api.csproj", "{57DC16D5-F957-439C-8051-681936912530}"
EndProject
Project("{2150E333-8FDC-42A3-9474-1A3956D46DE8}") = "Notifications", "Notifications", "{18DD3792-F715-4E9C-BBD6-4F7807543437}"
EndProject
Project("{FAE04EC0-301F-11D3-BF4B-00C04F79EFBC}") = "MySpot.Modules.Notifications.Api", "src\Modules\Notifications\MySpot.Modules.Notifications.Api\MySpot.Modules.Notifications.Api.csproj", "{DE09E957-7D4C-482C-9456-4898E52B688B}"
EndProject
Global
	GlobalSection(SolutionConfigurationPlatforms) = preSolution
		Debug|Any CPU = Debug|Any CPU
		Release|Any CPU = Release|Any CPU
	EndGlobalSection
	GlobalSection(SolutionProperties) = preSolution
		HideSolutionNode = FALSE
	EndGlobalSection
	GlobalSection(NestedProjects) = preSolution
		{79D40D8F-0176-4EE8-B958-8F65A351B494} = {1E27CE56-47D9-4B0C-83B3-71A80DD151A2}
		{E6F7C5A1-DA33-4CA4-A8FA-2D75C05B0C1F} = {A1B3E671-BFB5-4E3C-852A-42245D15AAA4}
		{9351596D-B14A-46F3-8711-192E3B592CA8} = {A1B3E671-BFB5-4E3C-852A-42245D15AAA4}
		{7A8AC51F-B000-4F46-9EE9-6EDBD6EBDCCA} = {79D40D8F-0176-4EE8-B958-8F65A351B494}
		{25E84BEB-67FF-4972-AF12-87576EACBB14} = {79D40D8F-0176-4EE8-B958-8F65A351B494}
		{034F2CA2-59BD-40B4-A19B-D9FA55E38E4D} = {98E517D0-B1FF-473F-ABC2-9ABD6AA1DB50}
		{488544D8-C714-4551-B8EE-16B1581EEDA7} = {1E27CE56-47D9-4B0C-83B3-71A80DD151A2}
		{74A89AFC-8BAC-4644-ABB2-7552818C2F8F} = {1E27CE56-47D9-4B0C-83B3-71A80DD151A2}
		{18F8FB6F-F593-4AF6-B558-8357CAB63B7F} = {74A89AFC-8BAC-4644-ABB2-7552818C2F8F}
		{6F33F0C2-0E92-4A36-95E0-A2363FACB8D2} = {74A89AFC-8BAC-4644-ABB2-7552818C2F8F}
		{1147E58B-DE2F-4F6B-958C-B51E8EE2E53D} = {74A89AFC-8BAC-4644-ABB2-7552818C2F8F}
		{D126AF5A-7C00-4006-8CF4-829ABF9900DB} = {74A89AFC-8BAC-4644-ABB2-7552818C2F8F}
		{2642A32D-9FCF-4FB6-A1BC-7FDCD9FBE2B5} = {488544D8-C714-4551-B8EE-16B1581EEDA7}
		{E48681C0-F157-4EB4-9FA4-A135C9F50E8A} = {488544D8-C714-4551-B8EE-16B1581EEDA7}
		{8075AA09-F96B-4D47-829B-79AFA8C286B1} = {1E27CE56-47D9-4B0C-83B3-71A80DD151A2}
		{933E72CA-33F7-4A2F-8E04-D16E0F6918A9} = {8075AA09-F96B-4D47-829B-79AFA8C286B1}
		{F76A800C-03FB-4CD6-940C-F53C98AC6F7B} = {1E27CE56-47D9-4B0C-83B3-71A80DD151A2}
		{5DE06811-A795-4E36-95EB-CCFA60A90DBA} = {F76A800C-03FB-4CD6-940C-F53C98AC6F7B}
		{3CF649E1-1FA5-4DC7-BBDA-6A71DEA0669E} = {F76A800C-03FB-4CD6-940C-F53C98AC6F7B}
		{F7A41687-0A6D-4D34-8A1E-27F812664E37} = {F76A800C-03FB-4CD6-940C-F53C98AC6F7B}
		{1A774DE2-E880-4ECC-9D33-DBB632E353D2} = {F76A800C-03FB-4CD6-940C-F53C98AC6F7B}
		{F8887FB8-BD48-4436-A15C-5BFA048C1531} = {1E27CE56-47D9-4B0C-83B3-71A80DD151A2}
		{878D1699-8E5B-48B0-8F98-D1C627D37785} = {F8887FB8-BD48-4436-A15C-5BFA048C1531}
		{1910378F-A6BF-4526-AB97-76BC33140CB2} = {768FCA60-8A5B-4ACF-B0DF-56060E7EA84F}
		{57DC16D5-F957-439C-8051-681936912530} = {1910378F-A6BF-4526-AB97-76BC33140CB2}
		{18DD3792-F715-4E9C-BBD6-4F7807543437} = {1E27CE56-47D9-4B0C-83B3-71A80DD151A2}
		{DE09E957-7D4C-482C-9456-4898E52B688B} = {18DD3792-F715-4E9C-BBD6-4F7807543437}
	EndGlobalSection
	GlobalSection(ProjectConfigurationPlatforms) = postSolution
		{E6F7C5A1-DA33-4CA4-A8FA-2D75C05B0C1F}.Debug|Any CPU.ActiveCfg = Debug|Any CPU
		{E6F7C5A1-DA33-4CA4-A8FA-2D75C05B0C1F}.Debug|Any CPU.Build.0 = Debug|Any CPU
		{E6F7C5A1-DA33-4CA4-A8FA-2D75C05B0C1F}.Release|Any CPU.ActiveCfg = Release|Any CPU
		{E6F7C5A1-DA33-4CA4-A8FA-2D75C05B0C1F}.Release|Any CPU.Build.0 = Release|Any CPU
		{9351596D-B14A-46F3-8711-192E3B592CA8}.Debug|Any CPU.ActiveCfg = Debug|Any CPU
		{9351596D-B14A-46F3-8711-192E3B592CA8}.Debug|Any CPU.Build.0 = Debug|Any CPU
		{9351596D-B14A-46F3-8711-192E3B592CA8}.Release|Any CPU.ActiveCfg = Release|Any CPU
		{9351596D-B14A-46F3-8711-192E3B592CA8}.Release|Any CPU.Build.0 = Release|Any CPU
		{7A8AC51F-B000-4F46-9EE9-6EDBD6EBDCCA}.Debug|Any CPU.ActiveCfg = Debug|Any CPU
		{7A8AC51F-B000-4F46-9EE9-6EDBD6EBDCCA}.Debug|Any CPU.Build.0 = Debug|Any CPU
		{7A8AC51F-B000-4F46-9EE9-6EDBD6EBDCCA}.Release|Any CPU.ActiveCfg = Release|Any CPU
		{7A8AC51F-B000-4F46-9EE9-6EDBD6EBDCCA}.Release|Any CPU.Build.0 = Release|Any CPU
		{25E84BEB-67FF-4972-AF12-87576EACBB14}.Debug|Any CPU.ActiveCfg = Debug|Any CPU
		{25E84BEB-67FF-4972-AF12-87576EACBB14}.Debug|Any CPU.Build.0 = Debug|Any CPU
		{25E84BEB-67FF-4972-AF12-87576EACBB14}.Release|Any CPU.ActiveCfg = Release|Any CPU
		{25E84BEB-67FF-4972-AF12-87576EACBB14}.Release|Any CPU.Build.0 = Release|Any CPU
		{034F2CA2-59BD-40B4-A19B-D9FA55E38E4D}.Debug|Any CPU.ActiveCfg = Debug|Any CPU
		{034F2CA2-59BD-40B4-A19B-D9FA55E38E4D}.Debug|Any CPU.Build.0 = Debug|Any CPU
		{034F2CA2-59BD-40B4-A19B-D9FA55E38E4D}.Release|Any CPU.ActiveCfg = Release|Any CPU
		{034F2CA2-59BD-40B4-A19B-D9FA55E38E4D}.Release|Any CPU.Build.0 = Release|Any CPU
		{18F8FB6F-F593-4AF6-B558-8357CAB63B7F}.Debug|Any CPU.ActiveCfg = Debug|Any CPU
		{18F8FB6F-F593-4AF6-B558-8357CAB63B7F}.Debug|Any CPU.Build.0 = Debug|Any CPU
		{18F8FB6F-F593-4AF6-B558-8357CAB63B7F}.Release|Any CPU.ActiveCfg = Release|Any CPU
		{18F8FB6F-F593-4AF6-B558-8357CAB63B7F}.Release|Any CPU.Build.0 = Release|Any CPU
		{6F33F0C2-0E92-4A36-95E0-A2363FACB8D2}.Debug|Any CPU.ActiveCfg = Debug|Any CPU
		{6F33F0C2-0E92-4A36-95E0-A2363FACB8D2}.Debug|Any CPU.Build.0 = Debug|Any CPU
		{6F33F0C2-0E92-4A36-95E0-A2363FACB8D2}.Release|Any CPU.ActiveCfg = Release|Any CPU
		{6F33F0C2-0E92-4A36-95E0-A2363FACB8D2}.Release|Any CPU.Build.0 = Release|Any CPU
		{1147E58B-DE2F-4F6B-958C-B51E8EE2E53D}.Debug|Any CPU.ActiveCfg = Debug|Any CPU
		{1147E58B-DE2F-4F6B-958C-B51E8EE2E53D}.Debug|Any CPU.Build.0 = Debug|Any CPU
		{1147E58B-DE2F-4F6B-958C-B51E8EE2E53D}.Release|Any CPU.ActiveCfg = Release|Any CPU
		{1147E58B-DE2F-4F6B-958C-B51E8EE2E53D}.Release|Any CPU.Build.0 = Release|Any CPU
		{D126AF5A-7C00-4006-8CF4-829ABF9900DB}.Debug|Any CPU.ActiveCfg = Debug|Any CPU
		{D126AF5A-7C00-4006-8CF4-829ABF9900DB}.Debug|Any CPU.Build.0 = Debug|Any CPU
		{D126AF5A-7C00-4006-8CF4-829ABF9900DB}.Release|Any CPU.ActiveCfg = Release|Any CPU
		{D126AF5A-7C00-4006-8CF4-829ABF9900DB}.Release|Any CPU.Build.0 = Release|Any CPU
		{2642A32D-9FCF-4FB6-A1BC-7FDCD9FBE2B5}.Debug|Any CPU.ActiveCfg = Debug|Any CPU
		{2642A32D-9FCF-4FB6-A1BC-7FDCD9FBE2B5}.Debug|Any CPU.Build.0 = Debug|Any CPU
		{2642A32D-9FCF-4FB6-A1BC-7FDCD9FBE2B5}.Release|Any CPU.ActiveCfg = Release|Any CPU
		{2642A32D-9FCF-4FB6-A1BC-7FDCD9FBE2B5}.Release|Any CPU.Build.0 = Release|Any CPU
		{E48681C0-F157-4EB4-9FA4-A135C9F50E8A}.Debug|Any CPU.ActiveCfg = Debug|Any CPU
		{E48681C0-F157-4EB4-9FA4-A135C9F50E8A}.Debug|Any CPU.Build.0 = Debug|Any CPU
		{E48681C0-F157-4EB4-9FA4-A135C9F50E8A}.Release|Any CPU.ActiveCfg = Release|Any CPU
		{E48681C0-F157-4EB4-9FA4-A135C9F50E8A}.Release|Any CPU.Build.0 = Release|Any CPU
		{933E72CA-33F7-4A2F-8E04-D16E0F6918A9}.Debug|Any CPU.ActiveCfg = Debug|Any CPU
		{933E72CA-33F7-4A2F-8E04-D16E0F6918A9}.Debug|Any CPU.Build.0 = Debug|Any CPU
		{933E72CA-33F7-4A2F-8E04-D16E0F6918A9}.Release|Any CPU.ActiveCfg = Release|Any CPU
		{933E72CA-33F7-4A2F-8E04-D16E0F6918A9}.Release|Any CPU.Build.0 = Release|Any CPU
		{5DE06811-A795-4E36-95EB-CCFA60A90DBA}.Debug|Any CPU.ActiveCfg = Debug|Any CPU
		{5DE06811-A795-4E36-95EB-CCFA60A90DBA}.Debug|Any CPU.Build.0 = Debug|Any CPU
		{5DE06811-A795-4E36-95EB-CCFA60A90DBA}.Release|Any CPU.ActiveCfg = Release|Any CPU
		{5DE06811-A795-4E36-95EB-CCFA60A90DBA}.Release|Any CPU.Build.0 = Release|Any CPU
		{3CF649E1-1FA5-4DC7-BBDA-6A71DEA0669E}.Debug|Any CPU.ActiveCfg = Debug|Any CPU
		{3CF649E1-1FA5-4DC7-BBDA-6A71DEA0669E}.Debug|Any CPU.Build.0 = Debug|Any CPU
		{3CF649E1-1FA5-4DC7-BBDA-6A71DEA0669E}.Release|Any CPU.ActiveCfg = Release|Any CPU
		{3CF649E1-1FA5-4DC7-BBDA-6A71DEA0669E}.Release|Any CPU.Build.0 = Release|Any CPU
		{F7A41687-0A6D-4D34-8A1E-27F812664E37}.Debug|Any CPU.ActiveCfg = Debug|Any CPU
		{F7A41687-0A6D-4D34-8A1E-27F812664E37}.Debug|Any CPU.Build.0 = Debug|Any CPU
		{F7A41687-0A6D-4D34-8A1E-27F812664E37}.Release|Any CPU.ActiveCfg = Release|Any CPU
		{F7A41687-0A6D-4D34-8A1E-27F812664E37}.Release|Any CPU.Build.0 = Release|Any CPU
		{1A774DE2-E880-4ECC-9D33-DBB632E353D2}.Debug|Any CPU.ActiveCfg = Debug|Any CPU
		{1A774DE2-E880-4ECC-9D33-DBB632E353D2}.Debug|Any CPU.Build.0 = Debug|Any CPU
		{1A774DE2-E880-4ECC-9D33-DBB632E353D2}.Release|Any CPU.ActiveCfg = Release|Any CPU
		{1A774DE2-E880-4ECC-9D33-DBB632E353D2}.Release|Any CPU.Build.0 = Release|Any CPU
		{878D1699-8E5B-48B0-8F98-D1C627D37785}.Debug|Any CPU.ActiveCfg = Debug|Any CPU
		{878D1699-8E5B-48B0-8F98-D1C627D37785}.Debug|Any CPU.Build.0 = Debug|Any CPU
		{878D1699-8E5B-48B0-8F98-D1C627D37785}.Release|Any CPU.ActiveCfg = Release|Any CPU
		{878D1699-8E5B-48B0-8F98-D1C627D37785}.Release|Any CPU.Build.0 = Release|Any CPU
		{57DC16D5-F957-439C-8051-681936912530}.Debug|Any CPU.ActiveCfg = Debug|Any CPU
		{57DC16D5-F957-439C-8051-681936912530}.Debug|Any CPU.Build.0 = Debug|Any CPU
		{57DC16D5-F957-439C-8051-681936912530}.Release|Any CPU.ActiveCfg = Release|Any CPU
		{57DC16D5-F957-439C-8051-681936912530}.Release|Any CPU.Build.0 = Release|Any CPU
		{DE09E957-7D4C-482C-9456-4898E52B688B}.Debug|Any CPU.ActiveCfg = Debug|Any CPU
		{DE09E957-7D4C-482C-9456-4898E52B688B}.Debug|Any CPU.Build.0 = Debug|Any CPU
		{DE09E957-7D4C-482C-9456-4898E52B688B}.Release|Any CPU.ActiveCfg = Release|Any CPU
		{DE09E957-7D4C-482C-9456-4898E52B688B}.Release|Any CPU.Build.0 = Release|Any CPU
	EndGlobalSection
EndGlobal
